# THIS IS AN AUTOGENERATED FILE. DO NOT EDIT THIS FILE DIRECTLY.
# yarn lockfile v1


"@babel/runtime@^7.13.17":
  version "7.13.17"
  resolved "https://registry.yarnpkg.com/@babel/runtime/-/runtime-7.13.17.tgz#8966d1fc9593bf848602f0662d6b4d0069e3a7ec"
  integrity sha512-NCdgJEelPTSh+FEFylhnP1ylq848l1z9t9N0j1Lfbcw0+KXGjsTvUmkxy+voLLXB5SOKMbLLx4jxYliGrYQseA==
  dependencies:
    regenerator-runtime "^0.13.4"

automation-events@^3.0.12:
  version "3.0.12"
  resolved "https://registry.yarnpkg.com/automation-events/-/automation-events-3.0.12.tgz#925635fbd1c7151165d454e8631218ef45f4471b"
  integrity sha512-HLX4bf3fNQU17ur0nTasqWGxcgZXLLWtWKZN4mfyNXZYxYZb501hshj1MwxObfVkd76MwobtTr8XdGmuTm34xQ==
  dependencies:
    "@babel/runtime" "^7.13.17"
    tslib "^2.2.0"

regenerator-runtime@^0.13.4:
  version "0.13.7"
  resolved "https://registry.yarnpkg.com/regenerator-runtime/-/regenerator-runtime-0.13.7.tgz#cac2dacc8a1ea675feaabaeb8ae833898ae46f55"
  integrity sha512-a54FxoJDIr27pgf7IgeQGxmqUNYrcV338lf/6gH456HZ/PhX+5BcwHXG9ajESmwe6WRO0tAzRUrRmNONWgkrew==

standardized-audio-context@^25.1.8:
  version "25.1.16"
  resolved "https://registry.yarnpkg.com/standardized-audio-context/-/standardized-audio-context-25.1.16.tgz#d7a423b4a4703d2b2ade0094d24dbc656087366a"
  integrity sha512-G48JHE7Tt25bVbqV5Az5PLB+mT6nOv1sOwf7V/kISFV8z/RSsFyQ7f76rJ/9THaOIJxWU/oowMX+Mz7kqF6Ivg==
  dependencies:
    "@babel/runtime" "^7.13.17"
    automation-events "^3.0.12"
    tslib "^2.2.0"

tone@^14.7.77:
  version "14.7.77"
  resolved "https://registry.yarnpkg.com/tone/-/tone-14.7.77.tgz#12a2a9f033952ccdb552275a6384ca5d36d4b5ed"
  integrity sha512-tCfK73IkLHyzoKUvGq47gyDyxiKLFvKiVCOobynGgBB9Dl0NkxTM2p+eRJXyCYrjJwy9Y0XCMqD3uOYsYt2Fdg==
  dependencies:
    standardized-audio-context "^25.1.8"
    tslib "^2.0.1"

tslib@^2.0.1, tslib@^2.2.0:
  version "2.2.0"
  resolved "https://registry.yarnpkg.com/tslib/-/tslib-2.2.0.tgz#fb2c475977e35e241311ede2693cee1ec6698f5c"
  integrity sha512-gS9GVHRU+RGn5KQM2rllAlR3dU6m7AcpJKdtH8gFvQiC4Otgk98XnmMU+nZenHt/+VhnBPWwgrJsyrdcw6i23w==
